
Microsoft Visual Studio Solution File, Format Version 12.00
# Visual Studio Version 17
VisualStudioVersion = 17.0.31903.59
MinimumVisualStudioVersion = 10.0.40219.1
Project("{2150E333-8FDC-42A3-9474-1A3956D46DE8}") = "src", "src", "{827E0CD3-B72D-47B6-A68D-7590B98EB39B}"
EndProject
Project("{FAE04EC0-301F-11D3-BF4B-00C04F79EFBC}") = "Drammers.Api", "src\Drammers.Api\Drammers.Api.csproj", "{B23B07A5-4C2F-4714-BAB4-F1397B9B278A}"
EndProject
Project("{FAE04EC0-301F-11D3-BF4B-00C04F79EFBC}") = "Drammers.Infrastructure", "src\Drammers.Infrastructure\Drammers.Infrastructure.csproj", "{FAF77C6C-90FE-4B68-B940-663C6E680F2C}"
EndProject
Project("{FAE04EC0-301F-11D3-BF4B-00C04F79EFBC}") = "Drammers.Modules.Audit", "src\Drammers.Modules.Audit\Drammers.Modules.Audit.csproj", "{2F09E71D-4E22-4C52-87B9-6E464D975FA6}"
EndProject
Project("{FAE04EC0-301F-11D3-BF4B-00C04F79EFBC}") = "Drammers.Modules.Content", "src\Drammers.Modules.Content\Drammers.Modules.Content.csproj", "{EC34A53D-56AC-411F-8697-A976BCE4B3C5}"
EndProject
Project("{FAE04EC0-301F-11D3-BF4B-00C04F79EFBC}") = "Drammers.Modules.Identity", "src\Drammers.Modules.Identity\Drammers.Modules.Identity.csproj", "{DA9F87E2-610A-4AA0-8B36-D30A9F9A36B8}"
EndProject
Project("{FAE04EC0-301F-11D3-BF4B-00C04F79EFBC}") = "Drammers.Modules.Import", "src\Drammers.Modules.Import\Drammers.Modules.Import.csproj", "{42E060EF-8CFF-41E1-8B0B-8EAA05D9D73A}"
EndProject
Project("{FAE04EC0-301F-11D3-BF4B-00C04F79EFBC}") = "Drammers.Modules.Membership", "src\Drammers.Modules.Membership\Drammers.Modules.Membership.csproj", "{4824EE68-9AC2-4264-AE54-E26E2A2B9FB3}"
EndProject
Project("{FAE04EC0-301F-11D3-BF4B-00C04F79EFBC}") = "Drammers.Modules.Notification", "src\Drammers.Modules.Notification\Drammers.Modules.Notification.csproj", "{86E7B675-7E7E-4A8D-B22C-26C5EDA6A028}"
EndProject
Project("{FAE04EC0-301F-11D3-BF4B-00C04F79EFBC}") = "Drammers.Modules.Parade", "src\Drammers.Modules.Parade\Drammers.Modules.Parade.csproj", "{6CFDC048-BEDC-4660-9A56-2810E2900A63}"
EndProject
Project("{FAE04EC0-301F-11D3-BF4B-00C04F79EFBC}") = "Drammers.Modules.Payments", "src\Drammers.Modules.Payments\Drammers.Modules.Payments.csproj", "{8C0264BF-3029-471F-B0DE-9D217F0FC0C7}"
EndProject
Project("{FAE04EC0-301F-11D3-BF4B-00C04F79EFBC}") = "Drammers.Modules.Ticketing", "src\Drammers.Modules.Ticketing\Drammers.Modules.Ticketing.csproj", "{DF73021A-F71E-43CB-BF5A-047196E00FF3}"
EndProject
Project("{FAE04EC0-301F-11D3-BF4B-00C04F79EFBC}") = "Drammers.SharedKernel", "src\Drammers.SharedKernel\Drammers.SharedKernel.csproj", "{029B91C7-A9E1-487B-8C36-D4A78680E44E}"
EndProject
Project("{FAE04EC0-301F-11D3-BF4B-00C04F79EFBC}") = "Drammers.Worker", "src\Drammers.Worker\Drammers.Worker.csproj", "{7C6B8945-45ED-48DC-8D57-C7E6B9C479DD}"
EndProject
Project("{2150E333-8FDC-42A3-9474-1A3956D46DE8}") = "tests", "tests", "{0AB3BF05-4346-4AA6-1389-037BE0695223}"
EndProject
Project("{FAE04EC0-301F-11D3-BF4B-00C04F79EFBC}") = "Drammers.ApiTests", "tests\Drammers.ApiTests\Drammers.ApiTests.csproj", "{8B0C22A7-D0EF-4A1D-9515-AADC988AD8A1}"
EndProject
Project("{FAE04EC0-301F-11D3-BF4B-00C04F79EFBC}") = "Drammers.IntegrationTests", "tests\Drammers.IntegrationTests\Drammers.IntegrationTests.csproj", "{E97C02B0-FCA0-4D09-9023-9E3B99BE6834}"
EndProject
Project("{FAE04EC0-301F-11D3-BF4B-00C04F79EFBC}") = "Drammers.UnitTests", "tests\Drammers.UnitTests\Drammers.UnitTests.csproj", "{C9C4DD00-9633-46A4-A5C0-CFD1C0DFEECA}"
EndProject
Global
	GlobalSection(SolutionConfigurationPlatforms) = preSolution
		Debug|Any CPU = Debug|Any CPU
		Debug|x64 = Debug|x64
		Debug|x86 = Debug|x86
		Release|Any CPU = Release|Any CPU
		Release|x64 = Release|x64
		Release|x86 = Release|x86
	EndGlobalSection
	GlobalSection(ProjectConfigurationPlatforms) = postSolution
		{B23B07A5-4C2F-4714-BAB4-F1397B9B278A}.Debug|Any CPU.ActiveCfg = Debug|Any CPU
		{B23B07A5-4C2F-4714-BAB4-F1397B9B278A}.Debug|Any CPU.Build.0 = Debug|Any CPU
		{B23B07A5-4C2F-4714-BAB4-F1397B9B278A}.Debug|x64.ActiveCfg = Debug|Any CPU
		{B23B07A5-4C2F-4714-BAB4-F1397B9B278A}.Debug|x64.Build.0 = Debug|Any CPU
		{B23B07A5-4C2F-4714-BAB4-F1397B9B278A}.Debug|x86.ActiveCfg = Debug|Any CPU
		{B23B07A5-4C2F-4714-BAB4-F1397B9B278A}.Debug|x86.Build.0 = Debug|Any CPU
		{B23B07A5-4C2F-4714-BAB4-F1397B9B278A}.Release|Any CPU.ActiveCfg = Release|Any CPU
		{B23B07A5-4C2F-4714-BAB4-F1397B9B278A}.Release|Any CPU.Build.0 = Release|Any CPU
		{B23B07A5-4C2F-4714-BAB4-F1397B9B278A}.Release|x64.ActiveCfg = Release|Any CPU
		{B23B07A5-4C2F-4714-BAB4-F1397B9B278A}.Release|x64.Build.0 = Release|Any CPU
		{B23B07A5-4C2F-4714-BAB4-F1397B9B278A}.Release|x86.ActiveCfg = Release|Any CPU
		{B23B07A5-4C2F-4714-BAB4-F1397B9B278A}.Release|x86.Build.0 = Release|Any CPU
		{FAF77C6C-90FE-4B68-B940-663C6E680F2C}.Debug|Any CPU.ActiveCfg = Debug|Any CPU
		{FAF77C6C-90FE-4B68-B940-663C6E680F2C}.Debug|Any CPU.Build.0 = Debug|Any CPU
		{FAF77C6C-90FE-4B68-B940-663C6E680F2C}.Debug|x64.ActiveCfg = Debug|Any CPU
		{FAF77C6C-90FE-4B68-B940-663C6E680F2C}.Debug|x64.Build.0 = Debug|Any CPU
		{FAF77C6C-90FE-4B68-B940-663C6E680F2C}.Debug|x86.ActiveCfg = Debug|Any CPU
		{FAF77C6C-90FE-4B68-B940-663C6E680F2C}.Debug|x86.Build.0 = Debug|Any CPU
		{FAF77C6C-90FE-4B68-B940-663C6E680F2C}.Release|Any CPU.ActiveCfg = Release|Any CPU
		{FAF77C6C-90FE-4B68-B940-663C6E680F2C}.Release|Any CPU.Build.0 = Release|Any CPU
		{FAF77C6C-90FE-4B68-B940-663C6E680F2C}.Release|x64.ActiveCfg = Release|Any CPU
		{FAF77C6C-90FE-4B68-B940-663C6E680F2C}.Release|x64.Build.0 = Release|Any CPU
		{FAF77C6C-90FE-4B68-B940-663C6E680F2C}.Release|x86.ActiveCfg = Release|Any CPU
		{FAF77C6C-90FE-4B68-B940-663C6E680F2C}.Release|x86.Build.0 = Release|Any CPU
		{2F09E71D-4E22-4C52-87B9-6E464D975FA6}.Debug|Any CPU.ActiveCfg = Debug|Any CPU
		{2F09E71D-4E22-4C52-87B9-6E464D975FA6}.Debug|Any CPU.Build.0 = Debug|Any CPU
		{2F09E71D-4E22-4C52-87B9-6E464D975FA6}.Debug|x64.ActiveCfg = Debug|Any CPU
		{2F09E71D-4E22-4C52-87B9-6E464D975FA6}.Debug|x64.Build.0 = Debug|Any CPU
		{2F09E71D-4E22-4C52-87B9-6E464D975FA6}.Debug|x86.ActiveCfg = Debug|Any CPU
		{2F09E71D-4E22-4C52-87B9-6E464D975FA6}.Debug|x86.Build.0 = Debug|Any CPU
		{2F09E71D-4E22-4C52-87B9-6E464D975FA6}.Release|Any CPU.ActiveCfg = Release|Any CPU
		{2F09E71D-4E22-4C52-87B9-6E464D975FA6}.Release|Any CPU.Build.0 = Release|Any CPU
		{2F09E71D-4E22-4C52-87B9-6E464D975FA6}.Release|x64.ActiveCfg = Release|Any CPU
		{2F09E71D-4E22-4C52-87B9-6E464D975FA6}.Release|x64.Build.0 = Release|Any CPU
		{2F09E71D-4E22-4C52-87B9-6E464D975FA6}.Release|x86.ActiveCfg = Release|Any CPU
		{2F09E71D-4E22-4C52-87B9-6E464D975FA6}.Release|x86.Build.0 = Release|Any CPU
		{EC34A53D-56AC-411F-8697-A976BCE4B3C5}.Debug|Any CPU.ActiveCfg = Debug|Any CPU
		{EC34A53D-56AC-411F-8697-A976BCE4B3C5}.Debug|Any CPU.Build.0 = Debug|Any CPU
		{EC34A53D-56AC-411F-8697-A976BCE4B3C5}.Debug|x64.ActiveCfg = Debug|Any CPU
		{EC34A53D-56AC-411F-8697-A976BCE4B3C5}.Debug|x64.Build.0 = Debug|Any CPU
		{EC34A53D-56AC-411F-8697-A976BCE4B3C5}.Debug|x86.ActiveCfg = Debug|Any CPU
		{EC34A53D-56AC-411F-8697-A976BCE4B3C5}.Debug|x86.Build.0 = Debug|Any CPU
		{EC34A53D-56AC-411F-8697-A976BCE4B3C5}.Release|Any CPU.ActiveCfg = Release|Any CPU
		{EC34A53D-56AC-411F-8697-A976BCE4B3C5}.Release|Any CPU.Build.0 = Release|Any CPU
		{EC34A53D-56AC-411F-8697-A976BCE4B3C5}.Release|x64.ActiveCfg = Release|Any CPU
		{EC34A53D-56AC-411F-8697-A976BCE4B3C5}.Release|x64.Build.0 = Release|Any CPU
		{EC34A53D-56AC-411F-8697-A976BCE4B3C5}.Release|x86.ActiveCfg = Release|Any CPU
		{EC34A53D-56AC-411F-8697-A976BCE4B3C5}.Release|x86.Build.0 = Release|Any CPU
		{DA9F87E2-610A-4AA0-8B36-D30A9F9A36B8}.Debug|Any CPU.ActiveCfg = Debug|Any CPU
		{DA9F87E2-610A-4AA0-8B36-D30A9F9A36B8}.Debug|Any CPU.Build.0 = Debug|Any CPU
		{DA9F87E2-610A-4AA0-8B36-D30A9F9A36B8}.Debug|x64.ActiveCfg = Debug|Any CPU
		{DA9F87E2-610A-4AA0-8B36-D30A9F9A36B8}.Debug|x64.Build.0 = Debug|Any CPU
		{DA9F87E2-610A-4AA0-8B36-D30A9F9A36B8}.Debug|x86.ActiveCfg = Debug|Any CPU
		{DA9F87E2-610A-4AA0-8B36-D30A9F9A36B8}.Debug|x86.Build.0 = Debug|Any CPU
		{DA9F87E2-610A-4AA0-8B36-D30A9F9A36B8}.Release|Any CPU.ActiveCfg = Release|Any CPU
		{DA9F87E2-610A-4AA0-8B36-D30A9F9A36B8}.Release|Any CPU.Build.0 = Release|Any CPU
		{DA9F87E2-610A-4AA0-8B36-D30A9F9A36B8}.Release|x64.ActiveCfg = Release|Any CPU
		{DA9F87E2-610A-4AA0-8B36-D30A9F9A36B8}.Release|x64.Build.0 = Release|Any CPU
		{DA9F87E2-610A-4AA0-8B36-D30A9F9A36B8}.Release|x86.ActiveCfg = Release|Any CPU
		{DA9F87E2-610A-4AA0-8B36-D30A9F9A36B8}.Release|x86.Build.0 = Release|Any CPU
		{42E060EF-8CFF-41E1-8B0B-8EAA05D9D73A}.Debug|Any CPU.ActiveCfg = Debug|Any CPU
		{42E060EF-8CFF-41E1-8B0B-8EAA05D9D73A}.Debug|Any CPU.Build.0 = Debug|Any CPU
		{42E060EF-8CFF-41E1-8B0B-8EAA05D9D73A}.Debug|x64.ActiveCfg = Debug|Any CPU
		{42E060EF-8CFF-41E1-8B0B-8EAA05D9D73A}.Debug|x64.Build.0 = Debug|Any CPU
		{42E060EF-8CFF-41E1-8B0B-8EAA05D9D73A}.Debug|x86.ActiveCfg = Debug|Any CPU
		{42E060EF-8CFF-41E1-8B0B-8EAA05D9D73A}.Debug|x86.Build.0 = Debug|Any CPU
		{42E060EF-8CFF-41E1-8B0B-8EAA05D9D73A}.Release|Any CPU.ActiveCfg = Release|Any CPU
		{42E060EF-8CFF-41E1-8B0B-8EAA05D9D73A}.Release|Any CPU.Build.0 = Release|Any CPU
		{42E060EF-8CFF-41E1-8B0B-8EAA05D9D73A}.Release|x64.ActiveCfg = Release|Any CPU
		{42E060EF-8CFF-41E1-8B0B-8EAA05D9D73A}.Release|x64.Build.0 = Release|Any CPU
		{42E060EF-8CFF-41E1-8B0B-8EAA05D9D73A}.Release|x86.ActiveCfg = Release|Any CPU
		{42E060EF-8CFF-41E1-8B0B-8EAA05D9D73A}.Release|x86.Build.0 = Release|Any CPU
		{4824EE68-9AC2-4264-AE54-E26E2A2B9FB3}.Debug|Any CPU.ActiveCfg = Debug|Any CPU
		{4824EE68-9AC2-4264-AE54-E26E2A2B9FB3}.Debug|Any CPU.Build.0 = Debug|Any CPU
		{4824EE68-9AC2-4264-AE54-E26E2A2B9FB3}.Debug|x64.ActiveCfg = Debug|Any CPU
		{4824EE68-9AC2-4264-AE54-E26E2A2B9FB3}.Debug|x64.Build.0 = Debug|Any CPU
		{4824EE68-9AC2-4264-AE54-E26E2A2B9FB3}.Debug|x86.ActiveCfg = Debug|Any CPU
		{4824EE68-9AC2-4264-AE54-E26E2A2B9FB3}.Debug|x86.Build.0 = Debug|Any CPU
		{4824EE68-9AC2-4264-AE54-E26E2A2B9FB3}.Release|Any CPU.ActiveCfg = Release|Any CPU
		{4824EE68-9AC2-4264-AE54-E26E2A2B9FB3}.Release|Any CPU.Build.0 = Release|Any CPU
		{4824EE68-9AC2-4264-AE54-E26E2A2B9FB3}.Release|x64.ActiveCfg = Release|Any CPU
		{4824EE68-9AC2-4264-AE54-E26E2A2B9FB3}.Release|x64.Build.0 = Release|Any CPU
		{4824EE68-9AC2-4264-AE54-E26E2A2B9FB3}.Release|x86.ActiveCfg = Release|Any CPU
		{4824EE68-9AC2-4264-AE54-E26E2A2B9FB3}.Release|x86.Build.0 = Release|Any CPU
		{86E7B675-7E7E-4A8D-B22C-26C5EDA6A028}.Debug|Any CPU.ActiveCfg = Debug|Any CPU
		{86E7B675-7E7E-4A8D-B22C-26C5EDA6A028}.Debug|Any CPU.Build.0 = Debug|Any CPU
		{86E7B675-7E7E-4A8D-B22C-26C5EDA6A028}.Debug|x64.ActiveCfg = Debug|Any CPU
		{86E7B675-7E7E-4A8D-B22C-26C5EDA6A028}.Debug|x64.Build.0 = Debug|Any CPU
		{86E7B675-7E7E-4A8D-B22C-26C5EDA6A028}.Debug|x86.ActiveCfg = Debug|Any CPU
		{86E7B675-7E7E-4A8D-B22C-26C5EDA6A028}.Debug|x86.Build.0 = Debug|Any CPU
		{86E7B675-7E7E-4A8D-B22C-26C5EDA6A028}.Release|Any CPU.ActiveCfg = Release|Any CPU
		{86E7B675-7E7E-4A8D-B22C-26C5EDA6A028}.Release|Any CPU.Build.0 = Release|Any CPU
		{86E7B675-7E7E-4A8D-B22C-26C5EDA6A028}.Release|x64.ActiveCfg = Release|Any CPU
		{86E7B675-7E7E-4A8D-B22C-26C5EDA6A028}.Release|x64.Build.0 = Release|Any CPU
		{86E7B675-7E7E-4A8D-B22C-26C5EDA6A028}.Release|x86.ActiveCfg = Release|Any CPU
		{86E7B675-7E7E-4A8D-B22C-26C5EDA6A028}.Release|x86.Build.0 = Release|Any CPU
		{6CFDC048-BEDC-4660-9A56-2810E2900A63}.Debug|Any CPU.ActiveCfg = Debug|Any CPU
		{6CFDC048-BEDC-4660-9A56-2810E2900A63}.Debug|Any CPU.Build.0 = Debug|Any CPU
		{6CFDC048-BEDC-4660-9A56-2810E2900A63}.Debug|x64.ActiveCfg = Debug|Any CPU
		{6CFDC048-BEDC-4660-9A56-2810E2900A63}.Debug|x64.Build.0 = Debug|Any CPU
		{6CFDC048-BEDC-4660-9A56-2810E2900A63}.Debug|x86.ActiveCfg = Debug|Any CPU
		{6CFDC048-BEDC-4660-9A56-2810E2900A63}.Debug|x86.Build.0 = Debug|Any CPU
		{6CFDC048-BEDC-4660-9A56-2810E2900A63}.Release|Any CPU.ActiveCfg = Release|Any CPU
		{6CFDC048-BEDC-4660-9A56-2810E2900A63}.Release|Any CPU.Build.0 = Release|Any CPU
		{6CFDC048-BEDC-4660-9A56-2810E2900A63}.Release|x64.ActiveCfg = Release|Any CPU
		{6CFDC048-BEDC-4660-9A56-2810E2900A63}.Release|x64.Build.0 = Release|Any CPU
		{6CFDC048-BEDC-4660-9A56-2810E2900A63}.Release|x86.ActiveCfg = Release|Any CPU
		{6CFDC048-BEDC-4660-9A56-2810E2900A63}.Release|x86.Build.0 = Release|Any CPU
		{8C0264BF-3029-471F-B0DE-9D217F0FC0C7}.Debug|Any CPU.ActiveCfg = Debug|Any CPU
		{8C0264BF-3029-471F-B0DE-9D217F0FC0C7}.Debug|Any CPU.Build.0 = Debug|Any CPU
		{8C0264BF-3029-471F-B0DE-9D217F0FC0C7}.Debug|x64.ActiveCfg = Debug|Any CPU
		{8C0264BF-3029-471F-B0DE-9D217F0FC0C7}.Debug|x64.Build.0 = Debug|Any CPU
		{8C0264BF-3029-471F-B0DE-9D217F0FC0C7}.Debug|x86.ActiveCfg = Debug|Any CPU
		{8C0264BF-3029-471F-B0DE-9D217F0FC0C7}.Debug|x86.Build.0 = Debug|Any CPU
		{8C0264BF-3029-471F-B0DE-9D217F0FC0C7}.Release|Any CPU.ActiveCfg = Release|Any CPU
		{8C0264BF-3029-471F-B0DE-9D217F0FC0C7}.Release|Any CPU.Build.0 = Release|Any CPU
		{8C0264BF-3029-471F-B0DE-9D217F0FC0C7}.Release|x64.ActiveCfg = Release|Any CPU
		{8C0264BF-3029-471F-B0DE-9D217F0FC0C7}.Release|x64.Build.0 = Release|Any CPU
		{8C0264BF-3029-471F-B0DE-9D217F0FC0C7}.Release|x86.ActiveCfg = Release|Any CPU
		{8C0264BF-3029-471F-B0DE-9D217F0FC0C7}.Release|x86.Build.0 = Release|Any CPU
		{DF73021A-F71E-43CB-BF5A-047196E00FF3}.Debug|Any CPU.ActiveCfg = Debug|Any CPU
		{DF73021A-F71E-43CB-BF5A-047196E00FF3}.Debug|Any CPU.Build.0 = Debug|Any CPU
		{DF73021A-F71E-43CB-BF5A-047196E00FF3}.Debug|x64.ActiveCfg = Debug|Any CPU
		{DF73021A-F71E-43CB-BF5A-047196E00FF3}.Debug|x64.Build.0 = Debug|Any CPU
		{DF73021A-F71E-43CB-BF5A-047196E00FF3}.Debug|x86.ActiveCfg = Debug|Any CPU
		{DF73021A-F71E-43CB-BF5A-047196E00FF3}.Debug|x86.Build.0 = Debug|Any CPU
		{DF73021A-F71E-43CB-BF5A-047196E00FF3}.Release|Any CPU.ActiveCfg = Release|Any CPU
		{DF73021A-F71E-43CB-BF5A-047196E00FF3}.Release|Any CPU.Build.0 = Release|Any CPU
		{DF73021A-F71E-43CB-BF5A-047196E00FF3}.Release|x64.ActiveCfg = Release|Any CPU
		{DF73021A-F71E-43CB-BF5A-047196E00FF3}.Release|x64.Build.0 = Release|Any CPU
		{DF73021A-F71E-43CB-BF5A-047196E00FF3}.Release|x86.ActiveCfg = Release|Any CPU
		{DF73021A-F71E-43CB-BF5A-047196E00FF3}.Release|x86.Build.0 = Release|Any CPU
		{029B91C7-A9E1-487B-8C36-D4A78680E44E}.Debug|Any CPU.ActiveCfg = Debug|Any CPU
		{029B91C7-A9E1-487B-8C36-D4A78680E44E}.Debug|Any CPU.Build.0 = Debug|Any CPU
		{029B91C7-A9E1-487B-8C36-D4A78680E44E}.Debug|x64.ActiveCfg = Debug|Any CPU
		{029B91C7-A9E1-487B-8C36-D4A78680E44E}.Debug|x64.Build.0 = Debug|Any CPU
		{029B91C7-A9E1-487B-8C36-D4A78680E44E}.Debug|x86.ActiveCfg = Debug|Any CPU
		{029B91C7-A9E1-487B-8C36-D4A78680E44E}.Debug|x86.Build.0 = Debug|Any CPU
		{029B91C7-A9E1-487B-8C36-D4A78680E44E}.Release|Any CPU.ActiveCfg = Release|Any CPU
		{029B91C7-A9E1-487B-8C36-D4A78680E44E}.Release|Any CPU.Build.0 = Release|Any CPU
		{029B91C7-A9E1-487B-8C36-D4A78680E44E}.Release|x64.ActiveCfg = Release|Any CPU
		{029B91C7-A9E1-487B-8C36-D4A78680E44E}.Release|x64.Build.0 = Release|Any CPU
		{029B91C7-A9E1-487B-8C36-D4A78680E44E}.Release|x86.ActiveCfg = Release|Any CPU
		{029B91C7-A9E1-487B-8C36-D4A78680E44E}.Release|x86.Build.0 = Release|Any CPU
		{7C6B8945-45ED-48DC-8D57-C7E6B9C479DD}.Debug|Any CPU.ActiveCfg = Debug|Any CPU
		{7C6B8945-45ED-48DC-8D57-C7E6B9C479DD}.Debug|Any CPU.Build.0 = Debug|Any CPU
		{7C6B8945-45ED-48DC-8D57-C7E6B9C479DD}.Debug|x64.ActiveCfg = Debug|Any CPU
		{7C6B8945-45ED-48DC-8D57-C7E6B9C479DD}.Debug|x64.Build.0 = Debug|Any CPU
		{7C6B8945-45ED-48DC-8D57-C7E6B9C479DD}.Debug|x86.ActiveCfg = Debug|Any CPU
		{7C6B8945-45ED-48DC-8D57-C7E6B9C479DD}.Debug|x86.Build.0 = Debug|Any CPU
		{7C6B8945-45ED-48DC-8D57-C7E6B9C479DD}.Release|Any CPU.ActiveCfg = Release|Any CPU
		{7C6B8945-45ED-48DC-8D57-C7E6B9C479DD}.Release|Any CPU.Build.0 = Release|Any CPU
		{7C6B8945-45ED-48DC-8D57-C7E6B9C479DD}.Release|x64.ActiveCfg = Release|Any CPU
		{7C6B8945-45ED-48DC-8D57-C7E6B9C479DD}.Release|x64.Build.0 = Release|Any CPU
		{7C6B8945-45ED-48DC-8D57-C7E6B9C479DD}.Release|x86.ActiveCfg = Release|Any CPU
		{7C6B8945-45ED-48DC-8D57-C7E6B9C479DD}.Release|x86.Build.0 = Release|Any CPU
		{8B0C22A7-D0EF-4A1D-9515-AADC988AD8A1}.Debug|Any CPU.ActiveCfg = Debug|Any CPU
		{8B0C22A7-D0EF-4A1D-9515-AADC988AD8A1}.Debug|Any CPU.Build.0 = Debug|Any CPU
		{8B0C22A7-D0EF-4A1D-9515-AADC988AD8A1}.Debug|x64.ActiveCfg = Debug|Any CPU
		{8B0C22A7-D0EF-4A1D-9515-AADC988AD8A1}.Debug|x64.Build.0 = Debug|Any CPU
		{8B0C22A7-D0EF-4A1D-9515-AADC988AD8A1}.Debug|x86.ActiveCfg = Debug|Any CPU
		{8B0C22A7-D0EF-4A1D-9515-AADC988AD8A1}.Debug|x86.Build.0 = Debug|Any CPU
		{8B0C22A7-D0EF-4A1D-9515-AADC988AD8A1}.Release|Any CPU.ActiveCfg = Release|Any CPU
		{8B0C22A7-D0EF-4A1D-9515-AADC988AD8A1}.Release|Any CPU.Build.0 = Release|Any CPU
		{8B0C22A7-D0EF-4A1D-9515-AADC988AD8A1}.Release|x64.ActiveCfg = Release|Any CPU
		{8B0C22A7-D0EF-4A1D-9515-AADC988AD8A1}.Release|x64.Build.0 = Release|Any CPU
		{8B0C22A7-D0EF-4A1D-9515-AADC988AD8A1}.Release|x86.ActiveCfg = Release|Any CPU
		{8B0C22A7-D0EF-4A1D-9515-AADC988AD8A1}.Release|x86.Build.0 = Release|Any CPU
		{E97C02B0-FCA0-4D09-9023-9E3B99BE6834}.Debug|Any CPU.ActiveCfg = Debug|Any CPU
		{E97C02B0-FCA0-4D09-9023-9E3B99BE6834}.Debug|Any CPU.Build.0 = Debug|Any CPU
		{E97C02B0-FCA0-4D09-9023-9E3B99BE6834}.Debug|x64.ActiveCfg = Debug|Any CPU
		{E97C02B0-FCA0-4D09-9023-9E3B99BE6834}.Debug|x64.Build.0 = Debug|Any CPU
		{E97C02B0-FCA0-4D09-9023-9E3B99BE6834}.Debug|x86.ActiveCfg = Debug|Any CPU
		{E97C02B0-FCA0-4D09-9023-9E3B99BE6834}.Debug|x86.Build.0 = Debug|Any CPU
		{E97C02B0-FCA0-4D09-9023-9E3B99BE6834}.Release|Any CPU.ActiveCfg = Release|Any CPU
		{E97C02B0-FCA0-4D09-9023-9E3B99BE6834}.Release|Any CPU.Build.0 = Release|Any CPU
		{E97C02B0-FCA0-4D09-9023-9E3B99BE6834}.Release|x64.ActiveCfg = Release|Any CPU
		{E97C02B0-FCA0-4D09-9023-9E3B99BE6834}.Release|x64.Build.0 = Release|Any CPU
		{E97C02B0-FCA0-4D09-9023-9E3B99BE6834}.Release|x86.ActiveCfg = Release|Any CPU
		{E97C02B0-FCA0-4D09-9023-9E3B99BE6834}.Release|x86.Build.0 = Release|Any CPU
		{C9C4DD00-9633-46A4-A5C0-CFD1C0DFEECA}.Debug|Any CPU.ActiveCfg = Debug|Any CPU
		{C9C4DD00-9633-46A4-A5C0-CFD1C0DFEECA}.Debug|Any CPU.Build.0 = Debug|Any CPU
		{C9C4DD00-9633-46A4-A5C0-CFD1C0DFEECA}.Debug|x64.ActiveCfg = Debug|Any CPU
		{C9C4DD00-9633-46A4-A5C0-CFD1C0DFEECA}.Debug|x64.Build.0 = Debug|Any CPU
		{C9C4DD00-9633-46A4-A5C0-CFD1C0DFEECA}.Debug|x86.ActiveCfg = Debug|Any CPU
		{C9C4DD00-9633-46A4-A5C0-CFD1C0DFEECA}.Debug|x86.Build.0 = Debug|Any CPU
		{C9C4DD00-9633-46A4-A5C0-CFD1C0DFEECA}.Release|Any CPU.ActiveCfg = Release|Any CPU
		{C9C4DD00-9633-46A4-A5C0-CFD1C0DFEECA}.Release|Any CPU.Build.0 = Release|Any CPU
		{C9C4DD00-9633-46A4-A5C0-CFD1C0DFEECA}.Release|x64.ActiveCfg = Release|Any CPU
		{C9C4DD00-9633-46A4-A5C0-CFD1C0DFEECA}.Release|x64.Build.0 = Release|Any CPU
		{C9C4DD00-9633-46A4-A5C0-CFD1C0DFEECA}.Release|x86.ActiveCfg = Release|Any CPU
		{C9C4DD00-9633-46A4-A5C0-CFD1C0DFEECA}.Release|x86.Build.0 = Release|Any CPU
	EndGlobalSection
	GlobalSection(SolutionProperties) = preSolution
		HideSolutionNode = FALSE
	EndGlobalSection
	GlobalSection(NestedProjects) = preSolution
		{B23B07A5-4C2F-4714-BAB4-F1397B9B278A} = {827E0CD3-B72D-47B6-A68D-7590B98EB39B}
		{FAF77C6C-90FE-4B68-B940-663C6E680F2C} = {827E0CD3-B72D-47B6-A68D-7590B98EB39B}
		{2F09E71D-4E22-4C52-87B9-6E464D975FA6} = {827E0CD3-B72D-47B6-A68D-7590B98EB39B}
		{EC34A53D-56AC-411F-8697-A976BCE4B3C5} = {827E0CD3-B72D-47B6-A68D-7590B98EB39B}
		{DA9F87E2-610A-4AA0-8B36-D30A9F9A36B8} = {827E0CD3-B72D-47B6-A68D-7590B98EB39B}
		{42E060EF-8CFF-41E1-8B0B-8EAA05D9D73A} = {827E0CD3-B72D-47B6-A68D-7590B98EB39B}
		{4824EE68-9AC2-4264-AE54-E26E2A2B9FB3} = {827E0CD3-B72D-47B6-A68D-7590B98EB39B}
		{86E7B675-7E7E-4A8D-B22C-26C5EDA6A028} = {827E0CD3-B72D-47B6-A68D-7590B98EB39B}
		{6CFDC048-BEDC-4660-9A56-2810E2900A63} = {827E0CD3-B72D-47B6-A68D-7590B98EB39B}
		{8C0264BF-3029-471F-B0DE-9D217F0FC0C7} = {827E0CD3-B72D-47B6-A68D-7590B98EB39B}
		{DF73021A-F71E-43CB-BF5A-047196E00FF3} = {827E0CD3-B72D-47B6-A68D-7590B98EB39B}
		{029B91C7-A9E1-487B-8C36-D4A78680E44E} = {827E0CD3-B72D-47B6-A68D-7590B98EB39B}
		{7C6B8945-45ED-48DC-8D57-C7E6B9C479DD} = {827E0CD3-B72D-47B6-A68D-7590B98EB39B}
		{8B0C22A7-D0EF-4A1D-9515-AADC988AD8A1} = {0AB3BF05-4346-4AA6-1389-037BE0695223}
		{E97C02B0-FCA0-4D09-9023-9E3B99BE6834} = {0AB3BF05-4346-4AA6-1389-037BE0695223}
		{C9C4DD00-9633-46A4-A5C0-CFD1C0DFEECA} = {0AB3BF05-4346-4AA6-1389-037BE0695223}
	EndGlobalSection
EndGlobal
